// !$*UTF8*$!
{
	archiveVersion = 1;
	classes = {
	};
	objectVersion = 51;
	objects = {

/* Begin PBXBuildFile section */
		2C63AFB40718B885794685AD /* Pods_Occlusion_Bug000131620.framework in Frameworks */ = {isa = PBXBuildFile; fileRef = 01A61D0A146E67EA98846125 /* Pods_Occlusion_Bug000131620.framework */; };
		AA20F4E324A0E81F006E07D6 /* AppDelegate.swift in Sources */ = {isa = PBXBuildFile; fileRef = AA20F4E224A0E81F006E07D6 /* AppDelegate.swift */; };
		AA20F4E524A0E81F006E07D6 /* art.scnassets in Resources */ = {isa = PBXBuildFile; fileRef = AA20F4E424A0E81F006E07D6 /* art.scnassets */; };
		AA20F4E724A0E81F006E07D6 /* ViewController.swift in Sources */ = {isa = PBXBuildFile; fileRef = AA20F4E624A0E81F006E07D6 /* ViewController.swift */; };
		AA20F4EA24A0E81F006E07D6 /* Main.storyboard in Resources */ = {isa = PBXBuildFile; fileRef = AA20F4E824A0E81F006E07D6 /* Main.storyboard */; };
		AA20F4EC24A0E820006E07D6 /* Assets.xcassets in Resources */ = {isa = PBXBuildFile; fileRef = AA20F4EB24A0E820006E07D6 /* Assets.xcassets */; };
		AA20F4EF24A0E820006E07D6 /* LaunchScreen.storyboard in Resources */ = {isa = PBXBuildFile; fileRef = AA20F4ED24A0E820006E07D6 /* LaunchScreen.storyboard */; };
/* End PBXBuildFile section */

/* Begin PBXFileReference section */
		01A61D0A146E67EA98846125 /* Pods_Occlusion_Bug000131620.framework */ = {isa = PBXFileReference; explicitFileType = wrapper.framework; includeInIndex = 0; path = Pods_Occlusion_Bug000131620.framework; sourceTree = BUILT_PRODUCTS_DIR; };
		026DC61146B5773D68CE1ED0 /* Pods-Occlusion_Bug000131620.release.xcconfig */ = {isa = PBXFileReference; includeInIndex = 1; lastKnownFileType = text.xcconfig; name = "Pods-Occlusion_Bug000131620.release.xcconfig"; path = "Target Support Files/Pods-Occlusion_Bug000131620/Pods-Occlusion_Bug000131620.release.xcconfig"; sourceTree = "<group>"; };
		AA20F4DF24A0E81F006E07D6 /* Occlusion_Bug000131620.app */ = {isa = PBXFileReference; explicitFileType = wrapper.application; includeInIndex = 0; path = Occlusion_Bug000131620.app; sourceTree = BUILT_PRODUCTS_DIR; };
		AA20F4E224A0E81F006E07D6 /* AppDelegate.swift */ = {isa = PBXFileReference; lastKnownFileType = sourcecode.swift; path = AppDelegate.swift; sourceTree = "<group>"; };
		AA20F4E424A0E81F006E07D6 /* art.scnassets */ = {isa = PBXFileReference; lastKnownFileType = wrapper.scnassets; path = art.scnassets; sourceTree = "<group>"; };
		AA20F4E624A0E81F006E07D6 /* ViewController.swift */ = {isa = PBXFileReference; lastKnownFileType = sourcecode.swift; path = ViewController.swift; sourceTree = "<group>"; };
		AA20F4E924A0E81F006E07D6 /* Base */ = {isa = PBXFileReference; lastKnownFileType = file.storyboard; name = Base; path = Base.lproj/Main.storyboard; sourceTree = "<group>"; };
		AA20F4EB24A0E820006E07D6 /* Assets.xcassets */ = {isa = PBXFileReference; lastKnownFileType = folder.assetcatalog; path = Assets.xcassets; sourceTree = "<group>"; };
		AA20F4EE24A0E820006E07D6 /* Base */ = {isa = PBXFileReference; lastKnownFileType = file.storyboard; name = Base; path = Base.lproj/LaunchScreen.storyboard; sourceTree = "<group>"; };
		AA20F4F024A0E820006E07D6 /* Info.plist */ = {isa = PBXFileReference; lastKnownFileType = text.plist.xml; path = Info.plist; sourceTree = "<group>"; };
		B87FB291933F1A15C60C703D /* Pods-Occlusion_Bug000131620.debug.xcconfig */ = {isa = PBXFileReference; includeInIndex = 1; lastKnownFileType = text.xcconfig; name = "Pods-Occlusion_Bug000131620.debug.xcconfig"; path = "Target Support Files/Pods-Occlusion_Bug000131620/Pods-Occlusion_Bug000131620.debug.xcconfig"; sourceTree = "<group>"; };
/* End PBXFileReference section */

/* Begin PBXFrameworksBuildPhase section */
		AA20F4DC24A0E81F006E07D6 /* Frameworks */ = {
			isa = PBXFrameworksBuildPhase;
			buildActionMask = 2147483647;
			files = (
				2C63AFB40718B885794685AD /* Pods_Occlusion_Bug000131620.framework in Frameworks */,
			);
			runOnlyForDeploymentPostprocessing = 0;
		};
/* End PBXFrameworksBuildPhase section */

/* Begin PBXGroup section */
		17B20D6F67F4835A29BAB803 /* Pods */ = {
			isa = PBXGroup;
			children = (
				B87FB291933F1A15C60C703D /* Pods-Occlusion_Bug000131620.debug.xcconfig */,
				026DC61146B5773D68CE1ED0 /* Pods-Occlusion_Bug000131620.release.xcconfig */,
			);
			path = Pods;
			sourceTree = "<group>";
		};
		AA20F4D624A0E81F006E07D6 = {
			isa = PBXGroup;
			children = (
				AA20F4E124A0E81F006E07D6 /* Occlusion_Bug000131620 */,
				AA20F4E024A0E81F006E07D6 /* Products */,
				17B20D6F67F4835A29BAB803 /* Pods */,
				AA8A0DC936B6921583EB9EB8 /* Frameworks */,
			);
			sourceTree = "<group>";
		};
		AA20F4E024A0E81F006E07D6 /* Products */ = {
			isa = PBXGroup;
			children = (
				AA20F4DF24A0E81F006E07D6 /* Occlusion_Bug000131620.app */,
			);
			name = Products;
			sourceTree = "<group>";
		};
		AA20F4E124A0E81F006E07D6 /* Occlusion_Bug000131620 */ = {
			isa = PBXGroup;
			children = (
				AA20F4E224A0E81F006E07D6 /* AppDelegate.swift */,
				AA20F4E424A0E81F006E07D6 /* art.scnassets */,
				AA20F4E624A0E81F006E07D6 /* ViewController.swift */,
				AA20F4E824A0E81F006E07D6 /* Main.storyboard */,
				AA20F4EB24A0E820006E07D6 /* Assets.xcassets */,
				AA20F4ED24A0E820006E07D6 /* LaunchScreen.storyboard */,
				AA20F4F024A0E820006E07D6 /* Info.plist */,
			);
			path = Occlusion_Bug000131620;
			sourceTree = "<group>";
		};
		AA8A0DC936B6921583EB9EB8 /* Frameworks */ = {
			isa = PBXGroup;
			children = (
				01A61D0A146E67EA98846125 /* Pods_Occlusion_Bug000131620.framework */,
			);
			name = Frameworks;
			sourceTree = "<group>";
		};
/* End PBXGroup section */

/* Begin PBXNativeTarget section */
		AA20F4DE24A0E81F006E07D6 /* Occlusion_Bug000131620 */ = {
			isa = PBXNativeTarget;
			buildConfigurationList = AA20F4F324A0E820006E07D6 /* Build configuration list for PBXNativeTarget "Occlusion_Bug000131620" */;
			buildPhases = (
				42D550F50A3304431B7A92D6 /* [CP] Check Pods Manifest.lock */,
				AA20F4DB24A0E81F006E07D6 /* Sources */,
				AA20F4DC24A0E81F006E07D6 /* Frameworks */,
				AA20F4DD24A0E81F006E07D6 /* Resources */,
				00C38DF1EBF870AB89DD0183 /* [CP] Embed Pods Frameworks */,
			);
			buildRules = (
			);
			dependencies = (
			);
			name = Occlusion_Bug000131620;
			productName = Occlusion_Bug000131620;
			productReference = AA20F4DF24A0E81F006E07D6 /* Occlusion_Bug000131620.app */;
			productType = "com.apple.product-type.application";
		};
/* End PBXNativeTarget section */

/* Begin PBXProject section */
		AA20F4D724A0E81F006E07D6 /* Project object */ = {
			isa = PBXProject;
			attributes = {
				LastSwiftUpdateCheck = 1150;
				LastUpgradeCheck = 1150;
				ORGANIZATIONNAME = "Ursina Boos";
				TargetAttributes = {
					AA20F4DE24A0E81F006E07D6 = {
						CreatedOnToolsVersion = 11.5;
					};
				};
			};
			buildConfigurationList = AA20F4DA24A0E81F006E07D6 /* Build configuration list for PBXProject "Occlusion_Bug000131620" */;
			compatibilityVersion = "Xcode 9.3";
			developmentRegion = en;
			hasScannedForEncodings = 0;
			knownRegions = (
				en,
				Base,
			);
			mainGroup = AA20F4D624A0E81F006E07D6;
			productRefGroup = AA20F4E024A0E81F006E07D6 /* Products */;
			projectDirPath = "";
			projectRoot = "";
			targets = (
				AA20F4DE24A0E81F006E07D6 /* Occlusion_Bug000131620 */,
			);
		};
/* End PBXProject section */

/* Begin PBXResourcesBuildPhase section */
		AA20F4DD24A0E81F006E07D6 /* Resources */ = {
			isa = PBXResourcesBuildPhase;
			buildActionMask = 2147483647;
			files = (
				AA20F4E524A0E81F006E07D6 /* art.scnassets in Resources */,
				AA20F4EF24A0E820006E07D6 /* LaunchScreen.storyboard in Resources */,
				AA20F4EC24A0E820006E07D6 /* Assets.xcassets in Resources */,
				AA20F4EA24A0E81F006E07D6 /* Main.storyboard in Resources */,
			);
			runOnlyForDeploymentPostprocessing = 0;
		};
/* End PBXResourcesBuildPhase section */

/* Begin PBXShellScriptBuildPhase section */
		00C38DF1EBF870AB89DD0183 /* [CP] Embed Pods Frameworks */ = {
			isa = PBXShellScriptBuildPhase;
			buildActionMask = 2147483647;
			files = (
			);
			inputFileListPaths = (
				"${PODS_ROOT}/Target Support Files/Pods-Occlusion_Bug000131620/Pods-Occlusion_Bug000131620-frameworks-${CONFIGURATION}-input-files.xcfilelist",
			);
			name = "[CP] Embed Pods Frameworks";
			outputFileListPaths = (
				"${PODS_ROOT}/Target Support Files/Pods-Occlusion_Bug000131620/Pods-Occlusion_Bug000131620-frameworks-${CONFIGURATION}-output-files.xcfilelist",
			);
			runOnlyForDeploymentPostprocessing = 0;
			shellPath = /bin/sh;
			shellScript = "\"${PODS_ROOT}/Target Support Files/Pods-Occlusion_Bug000131620/Pods-Occlusion_Bug000131620-frameworks.sh\"\n";
			showEnvVarsInLog = 0;
		};
		42D550F50A3304431B7A92D6 /* [CP] Check Pods Manifest.lock */ = {
			isa = PBXShellScriptBuildPhase;
			buildActionMask = 2147483647;
			files = (
			);
			inputFileListPaths = (
			);
			inputPaths = (
				"${PODS_PODFILE_DIR_PATH}/Podfile.lock",
				"${PODS_ROOT}/Manifest.lock",
			);
			name = "[CP] Check Pods Manifest.lock";
			outputFileListPaths = (
			);
			outputPaths = (
				"$(DERIVED_FILE_DIR)/Pods-Occlusion_Bug000131620-checkManifestLockResult.txt",
			);
			runOnlyForDeploymentPostprocessing = 0;
			shellPath = /bin/sh;
			shellScript = "diff \"${PODS_PODFILE_DIR_PATH}/Podfile.lock\" \"${PODS_ROOT}/Manifest.lock\" > /dev/null\nif [ $? != 0 ] ; then\n    # print error to STDERR\n    echo \"error: The sandbox is not in sync with the Podfile.lock. Run 'pod install' or update your CocoaPods installation.\" >&2\n    exit 1\nfi\n# This output is used by Xcode 'outputs' to avoid re-running this script phase.\necho \"SUCCESS\" > \"${SCRIPT_OUTPUT_FILE_0}\"\n";
			showEnvVarsInLog = 0;
		};
/* End PBXShellScriptBuildPhase section */

/* Begin PBXSourcesBuildPhase section */
		AA20F4DB24A0E81F006E07D6 /* Sources */ = {
			isa = PBXSourcesBuildPhase;
			buildActionMask = 2147483647;
			files = (
				AA20F4E724A0E81F006E07D6 /* ViewController.swift in Sources */,
				AA20F4E324A0E81F006E07D6 /* AppDelegate.swift in Sources */,
			);
			runOnlyForDeploymentPostprocessing = 0;
		};
/* End PBXSourcesBuildPhase section */

/* Begin PBXVariantGroup section */
		AA20F4E824A0E81F006E07D6 /* Main.storyboard */ = {
			isa = PBXVariantGroup;
			children = (
				AA20F4E924A0E81F006E07D6 /* Base */,
			);
			name = Main.storyboard;
			sourceTree = "<group>";
		};
		AA20F4ED24A0E820006E07D6 /* LaunchScreen.storyboard */ = {
			isa = PBXVariantGroup;
			children = (
				AA20F4EE24A0E820006E07D6 /* Base */,
			);
			name = LaunchScreen.storyboard;
			sourceTree = "<group>";
		};
/* End PBXVariantGroup section */

/* Begin XCBuildConfiguration section */
		AA20F4F124A0E820006E07D6 /* Debug */ = {
			isa = XCBuildConfiguration;
			buildSettings = {
				ALWAYS_SEARCH_USER_PATHS = NO;
				CLANG_ANALYZER_NONNULL = YES;
				CLANG_ANALYZER_NUMBER_OBJECT_CONVERSION = YES_AGGRESSIVE;
				CLANG_CXX_LANGUAGE_STANDARD = "gnu++14";
				CLANG_CXX_LIBRARY = "libc++";
				CLANG_ENABLE_MODULES = YES;
				CLANG_ENABLE_OBJC_ARC = YES;
				CLANG_ENABLE_OBJC_WEAK = YES;
				CLANG_WARN_BLOCK_CAPTURE_AUTORELEASING = YES;
				CLANG_WARN_BOOL_CONVERSION = YES;
				CLANG_WARN_COMMA = YES;
				CLANG_WARN_CONSTANT_CONVERSION = YES;
				CLANG_WARN_DEPRECATED_OBJC_IMPLEMENTATIONS = YES;
				CLANG_WARN_DIRECT_OBJC_ISA_USAGE = YES_ERROR;
				CLANG_WARN_DOCUMENTATION_COMMENTS = YES;
				CLANG_WARN_EMPTY_BODY = YES;
				CLANG_WARN_ENUM_CONVERSION = YES;
				CLANG_WARN_INFINITE_RECURSION = YES;
				CLANG_WARN_INT_CONVERSION = YES;
				CLANG_WARN_NON_LITERAL_NULL_CONVERSION = YES;
				CLANG_WARN_OBJC_IMPLICIT_RETAIN_SELF = YES;
				CLANG_WARN_OBJC_LITERAL_CONVERSION = YES;
				CLANG_WARN_OBJC_ROOT_CLASS = YES_ERROR;
				CLANG_WARN_RANGE_LOOP_ANALYSIS = YES;
				CLANG_WARN_STRICT_PROTOTYPES = YES;
				CLANG_WARN_SUSPICIOUS_MOVE = YES;
				CLANG_WARN_UNGUARDED_AVAILABILITY = YES_AGGRESSIVE;
				CLANG_WARN_UNREACHABLE_CODE = YES;
				CLANG_WARN__DUPLICATE_METHOD_MATCH = YES;
				COPY_PHASE_STRIP = NO;
				DEBUG_INFORMATION_FORMAT = dwarf;
				ENABLE_STRICT_OBJC_MSGSEND = YES;
				ENABLE_TESTABILITY = YES;
				GCC_C_LANGUAGE_STANDARD = gnu11;
				GCC_DYNAMIC_NO_PIC = NO;
				GCC_NO_COMMON_BLOCKS = YES;
				GCC_OPTIMIZATION_LEVEL = 0;
				GCC_PREPROCESSOR_DEFINITIONS = (
					"DEBUG=1",
					"$(inherited)",
				);
				GCC_WARN_64_TO_32_BIT_CONVERSION = YES;
				GCC_WARN_ABOUT_RETURN_TYPE = YES_ERROR;
				GCC_WARN_UNDECLARED_SELECTOR = YES;
				GCC_WARN_UNINITIALIZED_AUTOS = YES_AGGRESSIVE;
				GCC_WARN_UNUSED_FUNCTION = YES;
				GCC_WARN_UNUSED_VARIABLE = YES;
				IPHONEOS_DEPLOYMENT_TARGET = 13.5;
				MTL_ENABLE_DEBUG_INFO = INCLUDE_SOURCE;
				MTL_FAST_MATH = YES;
				ONLY_ACTIVE_ARCH = YES;
				SDKROOT = iphoneos;
				SWIFT_ACTIVE_COMPILATION_CONDITIONS = DEBUG;
				SWIFT_OPTIMIZATION_LEVEL = "-Onone";
			};
			name = Debug;
		};
		AA20F4F224A0E820006E07D6 /* Release */ = {
			isa = XCBuildConfiguration;
			buildSettings = {
				ALWAYS_SEARCH_USER_PATHS = NO;
				CLANG_ANALYZER_NONNULL = YES;
				CLANG_ANALYZER_NUMBER_OBJECT_CONVERSION = YES_AGGRESSIVE;
				CLANG_CXX_LANGUAGE_STANDARD = "gnu++14";
				CLANG_CXX_LIBRARY = "libc++";
				CLANG_ENABLE_MODULES = YES;
				CLANG_ENABLE_OBJC_ARC = YES;
				CLANG_ENABLE_OBJC_WEAK = YES;
				CLANG_WARN_BLOCK_CAPTURE_AUTORELEASING = YES;
				CLANG_WARN_BOOL_CONVERSION = YES;
				CLANG_WARN_COMMA = YES;
				CLANG_WARN_CONSTANT_CONVERSION = YES;
				CLANG_WARN_DEPRECATED_OBJC_IMPLEMENTATIONS = YES;
				CLANG_WARN_DIRECT_OBJC_ISA_USAGE = YES_ERROR;
				CLANG_WARN_DOCUMENTATION_COMMENTS = YES;
				CLANG_WARN_EMPTY_BODY = YES;
				CLANG_WARN_ENUM_CONVERSION = YES;
				CLANG_WARN_INFINITE_RECURSION = YES;
				CLANG_WARN_INT_CONVERSION = YES;
				CLANG_WARN_NON_LITERAL_NULL_CONVERSION = YES;
				CLANG_WARN_OBJC_IMPLICIT_RETAIN_SELF = YES;
				CLANG_WARN_OBJC_LITERAL_CONVERSION = YES;
				CLANG_WARN_OBJC_ROOT_CLASS = YES_ERROR;
				CLANG_WARN_RANGE_LOOP_ANALYSIS = YES;
				CLANG_WARN_STRICT_PROTOTYPES = YES;
				CLANG_WARN_SUSPICIOUS_MOVE = YES;
				CLANG_WARN_UNGUARDED_AVAILABILITY = YES_AGGRESSIVE;
				CLANG_WARN_UNREACHABLE_CODE = YES;
				CLANG_WARN__DUPLICATE_METHOD_MATCH = YES;
				COPY_PHASE_STRIP = NO;
				DEBUG_INFORMATION_FORMAT = "dwarf-with-dsym";
				ENABLE_NS_ASSERTIONS = NO;
				ENABLE_STRICT_OBJC_MSGSEND = YES;
				GCC_C_LANGUAGE_STANDARD = gnu11;
				GCC_NO_COMMON_BLOCKS = YES;
				GCC_WARN_64_TO_32_BIT_CONVERSION = YES;
				GCC_WARN_ABOUT_RETURN_TYPE = YES_ERROR;
				GCC_WARN_UNDECLARED_SELECTOR = YES;
				GCC_WARN_UNINITIALIZED_AUTOS = YES_AGGRESSIVE;
				GCC_WARN_UNUSED_FUNCTION = YES;
				GCC_WARN_UNUSED_VARIABLE = YES;
				IPHONEOS_DEPLOYMENT_TARGET = 13.5;
				MTL_ENABLE_DEBUG_INFO = NO;
				MTL_FAST_MATH = YES;
				SDKROOT = iphoneos;
				SWIFT_COMPILATION_MODE = wholemodule;
				SWIFT_OPTIMIZATION_LEVEL = "-O";
				VALIDATE_PRODUCT = YES;
			};
			name = Release;
		};
		AA20F4F424A0E820006E07D6 /* Debug */ = {
			isa = XCBuildConfiguration;
			baseConfigurationReference = B87FB291933F1A15C60C703D /* Pods-Occlusion_Bug000131620.debug.xcconfig */;
			buildSettings = {
				ASSETCATALOG_COMPILER_APPICON_NAME = AppIcon;
				CODE_SIGN_STYLE = Automatic;
				DEVELOPMENT_TEAM = 3TARDKQKD8;
				INFOPLIST_FILE = Occlusion_Bug000131620/Info.plist;
				LD_RUNPATH_SEARCH_PATHS = (
					"$(inherited)",
					"@executable_path/Frameworks",
				);
				MARKETING_VERSION = 100.7;
				PRODUCT_BUNDLE_IDENTIFIER = "com.urbo.mobile.Occlusion-Bug000131620";
				PRODUCT_NAME = "$(TARGET_NAME)";
				SWIFT_VERSION = 5.0;
				TARGETED_DEVICE_FAMILY = "1,2";
			};
			name = Debug;
		};
		AA20F4F524A0E820006E07D6 /* Release */ = {
			isa = XCBuildConfiguration;
			baseConfigurationReference = 026DC61146B5773D68CE1ED0 /* Pods-Occlusion_Bug000131620.release.xcconfig */;
			buildSettings = {
				ASSETCATALOG_COMPILER_APPICON_NAME = AppIcon;
				CODE_SIGN_STYLE = Automatic;
				DEVELOPMENT_TEAM = 3TARDKQKD8;
				INFOPLIST_FILE = Occlusion_Bug000131620/Info.plist;
				LD_RUNPATH_SEARCH_PATHS = (
					"$(inherited)",
					"@executable_path/Frameworks",
				);
				MARKETING_VERSION = 100.7;
				PRODUCT_BUNDLE_IDENTIFIER = "com.urbo.mobile.Occlusion-Bug000131620";
				PRODUCT_NAME = "$(TARGET_NAME)";
				SWIFT_VERSION = 5.0;
				TARGETED_DEVICE_FAMILY = "1,2";
			};
			name = Release;
		};
/* End XCBuildConfiguration section */

/* Begin XCConfigurationList section */
		AA20F4DA24A0E81F006E07D6 /* Build configuration list for PBXProject "Occlusion_Bug000131620" */ = {
			isa = XCConfigurationList;
			buildConfigurations = (
				AA20F4F124A0E820006E07D6 /* Debug */,
				AA20F4F224A0E820006E07D6 /* Release */,
			);
			defaultConfigurationIsVisible = 0;
			defaultConfigurationName = Release;
		};
		AA20F4F324A0E820006E07D6 /* Build configuration list for PBXNativeTarget "Occlusion_Bug000131620" */ = {
			isa = XCConfigurationList;
			buildConfigurations = (
				AA20F4F424A0E820006E07D6 /* Debug */,
				AA20F4F524A0E820006E07D6 /* Release */,
			);
			defaultConfigurationIsVisible = 0;
			defaultConfigurationName = Release;
		};
/* End XCConfigurationList section */
	};
	rootObject = AA20F4D724A0E81F006E07D6 /* Project object */;
}
